// !$*UTF8*$!
{
	archiveVersion = 1;
	classes = {
	};
	objectVersion = 46;
	objects = {

/* Begin PBXBuildFile section */
		E51CC8CD1D7AF80C0084AF2A /* AppDelegate.swift in Sources */ = {isa = PBXBuildFile; fileRef = E51CC8CC1D7AF80C0084AF2A /* AppDelegate.swift */; };
		E51CC8CF1D7AF80C0084AF2A /* ViewController.swift in Sources */ = {isa = PBXBuildFile; fileRef = E51CC8CE1D7AF80C0084AF2A /* ViewController.swift */; };
		E51CC8D21D7AF80C0084AF2A /* Main.storyboard in Resources */ = {isa = PBXBuildFile; fileRef = E51CC8D01D7AF80C0084AF2A /* Main.storyboard */; };
		E51CC8D41D7AF80C0084AF2A /* Assets.xcassets in Resources */ = {isa = PBXBuildFile; fileRef = E51CC8D31D7AF80C0084AF2A /* Assets.xcassets */; };
		E51CC8D71D7AF80C0084AF2A /* LaunchScreen.storyboard in Resources */ = {isa = PBXBuildFile; fileRef = E51CC8D51D7AF80C0084AF2A /* LaunchScreen.storyboard */; };
		E51CC8E11D7C30E80084AF2A /* CorrectDing.wav in Resources */ = {isa = PBXBuildFile; fileRef = E51CC8DF1D7C30E80084AF2A /* CorrectDing.wav */; };
		E51CC8E21D7C30E80084AF2A /* IncorrectBuzz.wav in Resources */ = {isa = PBXBuildFile; fileRef = E51CC8E01D7C30E80084AF2A /* IncorrectBuzz.wav */; };
		E51CC8E61D7C31AD0084AF2A /* ColorModel.swift in Sources */ = {isa = PBXBuildFile; fileRef = E51CC8E31D7C31AD0084AF2A /* ColorModel.swift */; };
		E51CC8E71D7C31AD0084AF2A /* RandomNumber.swift in Sources */ = {isa = PBXBuildFile; fileRef = E51CC8E41D7C31AD0084AF2A /* RandomNumber.swift */; };
		E51CC8E81D7C31AD0084AF2A /* SoundModel.swift in Sources */ = {isa = PBXBuildFile; fileRef = E51CC8E51D7C31AD0084AF2A /* SoundModel.swift */; };
		E51CC8EA1D7DC3F40084AF2A /* BoutTimeError.swift in Sources */ = {isa = PBXBuildFile; fileRef = E51CC8E91D7DC3F40084AF2A /* BoutTimeError.swift */; };
		E51CC8EE1D7DF7930084AF2A /* HistoricalEvent.swift in Sources */ = {isa = PBXBuildFile; fileRef = E51CC8ED1D7DF7930084AF2A /* HistoricalEvent.swift */; };
		E51CC8F01D7DFE6D0084AF2A /* HistoricalEventModel.swift in Sources */ = {isa = PBXBuildFile; fileRef = E51CC8EF1D7DFE6D0084AF2A /* HistoricalEventModel.swift */; };
		E51CC8F51D7E13FD0084AF2A /* HistoricalEventType.swift in Sources */ = {isa = PBXBuildFile; fileRef = E51CC8F41D7E13FD0084AF2A /* HistoricalEventType.swift */; };
		E51CC8F71D7E142D0084AF2A /* Moveable.swift in Sources */ = {isa = PBXBuildFile; fileRef = E51CC8F61D7E142D0084AF2A /* Moveable.swift */; };
		E51CC8F91D7E155E0084AF2A /* SoundType.swift in Sources */ = {isa = PBXBuildFile; fileRef = E51CC8F81D7E155E0084AF2A /* SoundType.swift */; };
		E51CC8FB1D7E15A00084AF2A /* SoundFile.swift in Sources */ = {isa = PBXBuildFile; fileRef = E51CC8FA1D7E15A00084AF2A /* SoundFile.swift */; };
		E51CC8FD1D7E16810084AF2A /* AudioToolbox.framework in Frameworks */ = {isa = PBXBuildFile; fileRef = E51CC8FC1D7E16810084AF2A /* AudioToolbox.framework */; };
		E576DBB81D7F530D00A62EA9 /* Month.swift in Sources */ = {isa = PBXBuildFile; fileRef = E576DBB71D7F530D00A62EA9 /* Month.swift */; };
		E576DBBA1D82016600A62EA9 /* GameModel.swift in Sources */ = {isa = PBXBuildFile; fileRef = E576DBB91D82016600A62EA9 /* GameModel.swift */; };
/* End PBXBuildFile section */

/* Begin PBXFileReference section */
		E51CC8C91D7AF80C0084AF2A /* BoutTime.app */ = {isa = PBXFileReference; explicitFileType = wrapper.application; includeInIndex = 0; path = BoutTime.app; sourceTree = BUILT_PRODUCTS_DIR; };
		E51CC8CC1D7AF80C0084AF2A /* AppDelegate.swift */ = {isa = PBXFileReference; lastKnownFileType = sourcecode.swift; path = AppDelegate.swift; sourceTree = "<group>"; };
		E51CC8CE1D7AF80C0084AF2A /* ViewController.swift */ = {isa = PBXFileReference; lastKnownFileType = sourcecode.swift; path = ViewController.swift; sourceTree = "<group>"; };
		E51CC8D11D7AF80C0084AF2A /* Base */ = {isa = PBXFileReference; lastKnownFileType = file.storyboard; name = Base; path = Base.lproj/Main.storyboard; sourceTree = "<group>"; };
		E51CC8D31D7AF80C0084AF2A /* Assets.xcassets */ = {isa = PBXFileReference; lastKnownFileType = folder.assetcatalog; path = Assets.xcassets; sourceTree = "<group>"; };
		E51CC8D61D7AF80C0084AF2A /* Base */ = {isa = PBXFileReference; lastKnownFileType = file.storyboard; name = Base; path = Base.lproj/LaunchScreen.storyboard; sourceTree = "<group>"; };
		E51CC8D81D7AF80C0084AF2A /* Info.plist */ = {isa = PBXFileReference; lastKnownFileType = text.plist.xml; path = Info.plist; sourceTree = "<group>"; };
		E51CC8DF1D7C30E80084AF2A /* CorrectDing.wav */ = {isa = PBXFileReference; lastKnownFileType = audio.wav; name = CorrectDing.wav; path = Sounds/CorrectDing.wav; sourceTree = "<group>"; };
		E51CC8E01D7C30E80084AF2A /* IncorrectBuzz.wav */ = {isa = PBXFileReference; lastKnownFileType = audio.wav; name = IncorrectBuzz.wav; path = Sounds/IncorrectBuzz.wav; sourceTree = "<group>"; };
		E51CC8E31D7C31AD0084AF2A /* ColorModel.swift */ = {isa = PBXFileReference; fileEncoding = 4; lastKnownFileType = sourcecode.swift; path = ColorModel.swift; sourceTree = "<group>"; };
		E51CC8E41D7C31AD0084AF2A /* RandomNumber.swift */ = {isa = PBXFileReference; fileEncoding = 4; lastKnownFileType = sourcecode.swift; path = RandomNumber.swift; sourceTree = "<group>"; };
		E51CC8E51D7C31AD0084AF2A /* SoundModel.swift */ = {isa = PBXFileReference; fileEncoding = 4; lastKnownFileType = sourcecode.swift; path = SoundModel.swift; sourceTree = "<group>"; };
		E51CC8E91D7DC3F40084AF2A /* BoutTimeError.swift */ = {isa = PBXFileReference; fileEncoding = 4; lastKnownFileType = sourcecode.swift; path = BoutTimeError.swift; sourceTree = "<group>"; };
		E51CC8ED1D7DF7930084AF2A /* HistoricalEvent.swift */ = {isa = PBXFileReference; fileEncoding = 4; lastKnownFileType = sourcecode.swift; path = HistoricalEvent.swift; sourceTree = "<group>"; };
		E51CC8EF1D7DFE6D0084AF2A /* HistoricalEventModel.swift */ = {isa = PBXFileReference; fileEncoding = 4; lastKnownFileType = sourcecode.swift; path = HistoricalEventModel.swift; sourceTree = "<group>"; };
		E51CC8F11D7E10F20084AF2A /* BoutTime.entitlements */ = {isa = PBXFileReference; lastKnownFileType = text.xml; path = BoutTime.entitlements; sourceTree = "<group>"; };
		E51CC8F41D7E13FD0084AF2A /* HistoricalEventType.swift */ = {isa = PBXFileReference; fileEncoding = 4; lastKnownFileType = sourcecode.swift; path = HistoricalEventType.swift; sourceTree = "<group>"; };
		E51CC8F61D7E142D0084AF2A /* Moveable.swift */ = {isa = PBXFileReference; fileEncoding = 4; lastKnownFileType = sourcecode.swift; path = Moveable.swift; sourceTree = "<group>"; };
		E51CC8F81D7E155E0084AF2A /* SoundType.swift */ = {isa = PBXFileReference; fileEncoding = 4; lastKnownFileType = sourcecode.swift; path = SoundType.swift; sourceTree = "<group>"; };
		E51CC8FA1D7E15A00084AF2A /* SoundFile.swift */ = {isa = PBXFileReference; fileEncoding = 4; lastKnownFileType = sourcecode.swift; path = SoundFile.swift; sourceTree = "<group>"; };
		E51CC8FC1D7E16810084AF2A /* AudioToolbox.framework */ = {isa = PBXFileReference; lastKnownFileType = wrapper.framework; name = AudioToolbox.framework; path = System/Library/Frameworks/AudioToolbox.framework; sourceTree = SDKROOT; };
		E576DBB71D7F530D00A62EA9 /* Month.swift */ = {isa = PBXFileReference; fileEncoding = 4; lastKnownFileType = sourcecode.swift; path = Month.swift; sourceTree = "<group>"; };
		E576DBB91D82016600A62EA9 /* GameModel.swift */ = {isa = PBXFileReference; fileEncoding = 4; lastKnownFileType = sourcecode.swift; path = GameModel.swift; sourceTree = "<group>"; };
/* End PBXFileReference section */

/* Begin PBXFrameworksBuildPhase section */
		E51CC8C61D7AF80C0084AF2A /* Frameworks */ = {
			isa = PBXFrameworksBuildPhase;
			buildActionMask = 2147483647;
			files = (
				E51CC8FD1D7E16810084AF2A /* AudioToolbox.framework in Frameworks */,
			);
			runOnlyForDeploymentPostprocessing = 0;
		};
/* End PBXFrameworksBuildPhase section */

/* Begin PBXGroup section */
		E51CC8C01D7AF80C0084AF2A = {
			isa = PBXGroup;
			children = (
				E51CC8FC1D7E16810084AF2A /* AudioToolbox.framework */,
				E51CC8CB1D7AF80C0084AF2A /* BoutTime */,
				E51CC8CA1D7AF80C0084AF2A /* Products */,
			);
			sourceTree = "<group>";
		};
		E51CC8CA1D7AF80C0084AF2A /* Products */ = {
			isa = PBXGroup;
			children = (
				E51CC8C91D7AF80C0084AF2A /* BoutTime.app */,
			);
			name = Products;
			sourceTree = "<group>";
		};
		E51CC8CB1D7AF80C0084AF2A /* BoutTime */ = {
			isa = PBXGroup;
			children = (
				E51CC8F11D7E10F20084AF2A /* BoutTime.entitlements */,
				E51CC8CC1D7AF80C0084AF2A /* AppDelegate.swift */,
				E51CC8E91D7DC3F40084AF2A /* BoutTimeError.swift */,
				E51CC8E31D7C31AD0084AF2A /* ColorModel.swift */,
				E576DBB91D82016600A62EA9 /* GameModel.swift */,
				E51CC8ED1D7DF7930084AF2A /* HistoricalEvent.swift */,
				E51CC8EF1D7DFE6D0084AF2A /* HistoricalEventModel.swift */,
				E51CC8F41D7E13FD0084AF2A /* HistoricalEventType.swift */,
				E576DBB71D7F530D00A62EA9 /* Month.swift */,
				E51CC8F61D7E142D0084AF2A /* Moveable.swift */,
				E51CC8E41D7C31AD0084AF2A /* RandomNumber.swift */,
				E51CC8FA1D7E15A00084AF2A /* SoundFile.swift */,
				E51CC8E51D7C31AD0084AF2A /* SoundModel.swift */,
				E51CC8F81D7E155E0084AF2A /* SoundType.swift */,
				E51CC8CE1D7AF80C0084AF2A /* ViewController.swift */,
				E51CC8D01D7AF80C0084AF2A /* Main.storyboard */,
				E51CC8D31D7AF80C0084AF2A /* Assets.xcassets */,
				E51CC8D51D7AF80C0084AF2A /* LaunchScreen.storyboard */,
				E51CC8D81D7AF80C0084AF2A /* Info.plist */,
				E51CC8DE1D7C30930084AF2A /* Sounds */,
			);
			path = BoutTime;
			sourceTree = "<group>";
		};
		E51CC8DE1D7C30930084AF2A /* Sounds */ = {
			isa = PBXGroup;
			children = (
				E51CC8DF1D7C30E80084AF2A /* CorrectDing.wav */,
				E51CC8E01D7C30E80084AF2A /* IncorrectBuzz.wav */,
			);
			name = Sounds;
			sourceTree = "<group>";
		};
/* End PBXGroup section */

/* Begin PBXNativeTarget section */
		E51CC8C81D7AF80C0084AF2A /* BoutTime */ = {
			isa = PBXNativeTarget;
			buildConfigurationList = E51CC8DB1D7AF80C0084AF2A /* Build configuration list for PBXNativeTarget "BoutTime" */;
			buildPhases = (
				E51CC8C51D7AF80C0084AF2A /* Sources */,
				E51CC8C61D7AF80C0084AF2A /* Frameworks */,
				E51CC8C71D7AF80C0084AF2A /* Resources */,
			);
			buildRules = (
			);
			dependencies = (
			);
			name = BoutTime;
			productName = BoutTime;
			productReference = E51CC8C91D7AF80C0084AF2A /* BoutTime.app */;
			productType = "com.apple.product-type.application";
		};
/* End PBXNativeTarget section */

/* Begin PBXProject section */
		E51CC8C11D7AF80C0084AF2A /* Project object */ = {
			isa = PBXProject;
			attributes = {
				LastSwiftUpdateCheck = 0730;
				LastUpgradeCheck = 0730;
				ORGANIZATIONNAME = "Remarkable Code Ltd";
				TargetAttributes = {
					E51CC8C81D7AF80C0084AF2A = {
						CreatedOnToolsVersion = 7.3.1;
						DevelopmentTeam = 24ZSRAJRA5;
						SystemCapabilities = {
							com.apple.InterAppAudio = {
								enabled = 1;
							};
						};
					};
				};
			};
			buildConfigurationList = E51CC8C41D7AF80C0084AF2A /* Build configuration list for PBXProject "BoutTime" */;
			compatibilityVersion = "Xcode 3.2";
			developmentRegion = English;
			hasScannedForEncodings = 0;
			knownRegions = (
				en,
				Base,
			);
			mainGroup = E51CC8C01D7AF80C0084AF2A;
			productRefGroup = E51CC8CA1D7AF80C0084AF2A /* Products */;
			projectDirPath = "";
			projectRoot = "";
			targets = (
				E51CC8C81D7AF80C0084AF2A /* BoutTime */,
			);
		};
/* End PBXProject section */

/* Begin PBXResourcesBuildPhase section */
		E51CC8C71D7AF80C0084AF2A /* Resources */ = {
			isa = PBXResourcesBuildPhase;
			buildActionMask = 2147483647;
			files = (
				E51CC8D71D7AF80C0084AF2A /* LaunchScreen.storyboard in Resources */,
				E51CC8E21D7C30E80084AF2A /* IncorrectBuzz.wav in Resources */,
				E51CC8D41D7AF80C0084AF2A /* Assets.xcassets in Resources */,
				E51CC8D21D7AF80C0084AF2A /* Main.storyboard in Resources */,
				E51CC8E11D7C30E80084AF2A /* CorrectDing.wav in Resources */,
			);
			runOnlyForDeploymentPostprocessing = 0;
		};
/* End PBXResourcesBuildPhase section */

/* Begin PBXSourcesBuildPhase section */
		E51CC8C51D7AF80C0084AF2A /* Sources */ = {
			isa = PBXSourcesBuildPhase;
			buildActionMask = 2147483647;
			files = (
				E51CC8CF1D7AF80C0084AF2A /* ViewController.swift in Sources */,
				E51CC8E71D7C31AD0084AF2A /* RandomNumber.swift in Sources */,
				E51CC8F71D7E142D0084AF2A /* Moveable.swift in Sources */,
				E51CC8F91D7E155E0084AF2A /* SoundType.swift in Sources */,
				E51CC8E81D7C31AD0084AF2A /* SoundModel.swift in Sources */,
				E576DBBA1D82016600A62EA9 /* GameModel.swift in Sources */,
				E51CC8CD1D7AF80C0084AF2A /* AppDelegate.swift in Sources */,
				E51CC8EA1D7DC3F40084AF2A /* BoutTimeError.swift in Sources */,
				E51CC8FB1D7E15A00084AF2A /* SoundFile.swift in Sources */,
				E51CC8F51D7E13FD0084AF2A /* HistoricalEventType.swift in Sources */,
				E51CC8EE1D7DF7930084AF2A /* HistoricalEvent.swift in Sources */,
				E51CC8F01D7DFE6D0084AF2A /* HistoricalEventModel.swift in Sources */,
				E51CC8E61D7C31AD0084AF2A /* ColorModel.swift in Sources */,
				E576DBB81D7F530D00A62EA9 /* Month.swift in Sources */,
			);
			runOnlyForDeploymentPostprocessing = 0;
		};
/* End PBXSourcesBuildPhase section */

/* Begin PBXVariantGroup section */
		E51CC8D01D7AF80C0084AF2A /* Main.storyboard */ = {
			isa = PBXVariantGroup;
			children = (
				E51CC8D11D7AF80C0084AF2A /* Base */,
			);
			name = Main.storyboard;
			sourceTree = "<group>";
		};
		E51CC8D51D7AF80C0084AF2A /* LaunchScreen.storyboard */ = {
			isa = PBXVariantGroup;
			children = (
				E51CC8D61D7AF80C0084AF2A /* Base */,
			);
			name = LaunchScreen.storyboard;
			sourceTree = "<group>";
		};
/* End PBXVariantGroup section */

/* Begin XCBuildConfiguration section */
		E51CC8D91D7AF80C0084AF2A /* Debug */ = {
			isa = XCBuildConfiguration;
			buildSettings = {
				ALWAYS_SEARCH_USER_PATHS = NO;
				CLANG_ANALYZER_NONNULL = YES;
				CLANG_CXX_LANGUAGE_STANDARD = "gnu++0x";
				CLANG_CXX_LIBRARY = "libc++";
				CLANG_ENABLE_MODULES = YES;
				CLANG_ENABLE_OBJC_ARC = YES;
				CLANG_WARN_BOOL_CONVERSION = YES;
				CLANG_WARN_CONSTANT_CONVERSION = YES;
				CLANG_WARN_DIRECT_OBJC_ISA_USAGE = YES_ERROR;
				CLANG_WARN_EMPTY_BODY = YES;
				CLANG_WARN_ENUM_CONVERSION = YES;
				CLANG_WARN_INT_CONVERSION = YES;
				CLANG_WARN_OBJC_ROOT_CLASS = YES_ERROR;
				CLANG_WARN_UNREACHABLE_CODE = YES;
				CLANG_WARN__DUPLICATE_METHOD_MATCH = YES;
				"CODE_SIGN_IDENTITY[sdk=iphoneos*]" = "iPhone Developer";
				COPY_PHASE_STRIP = NO;
				DEBUG_INFORMATION_FORMAT = dwarf;
				ENABLE_STRICT_OBJC_MSGSEND = YES;
				ENABLE_TESTABILITY = YES;
				GCC_C_LANGUAGE_STANDARD = gnu99;
				GCC_DYNAMIC_NO_PIC = NO;
				GCC_NO_COMMON_BLOCKS = YES;
				GCC_OPTIMIZATION_LEVEL = 0;
				GCC_PREPROCESSOR_DEFINITIONS = (
					"DEBUG=1",
					"$(inherited)",
				);
				GCC_WARN_64_TO_32_BIT_CONVERSION = YES;
				GCC_WARN_ABOUT_RETURN_TYPE = YES_ERROR;
				GCC_WARN_UNDECLARED_SELECTOR = YES;
				GCC_WARN_UNINITIALIZED_AUTOS = YES_AGGRESSIVE;
				GCC_WARN_UNUSED_FUNCTION = YES;
				GCC_WARN_UNUSED_VARIABLE = YES;
				IPHONEOS_DEPLOYMENT_TARGET = 9.3;
				MTL_ENABLE_DEBUG_INFO = YES;
				ONLY_ACTIVE_ARCH = YES;
				SDKROOT = iphoneos;
				SWIFT_OPTIMIZATION_LEVEL = "-Onone";
				TARGETED_DEVICE_FAMILY = "1,2";
			};
			name = Debug;
		};
		E51CC8DA1D7AF80C0084AF2A /* Release */ = {
			isa = XCBuildConfiguration;
			buildSettings = {
				ALWAYS_SEARCH_USER_PATHS = NO;
				CLANG_ANALYZER_NONNULL = YES;
				CLANG_CXX_LANGUAGE_STANDARD = "gnu++0x";
				CLANG_CXX_LIBRARY = "libc++";
				CLANG_ENABLE_MODULES = YES;
				CLANG_ENABLE_OBJC_ARC = YES;
				CLANG_WARN_BOOL_CONVERSION = YES;
				CLANG_WARN_CONSTANT_CONVERSION = YES;
				CLANG_WARN_DIRECT_OBJC_ISA_USAGE = YES_ERROR;
				CLANG_WARN_EMPTY_BODY = YES;
				CLANG_WARN_ENUM_CONVERSION = YES;
				CLANG_WARN_INT_CONVERSION = YES;
				CLANG_WARN_OBJC_ROOT_CLASS = YES_ERROR;
				CLANG_WARN_UNREACHABLE_CODE = YES;
				CLANG_WARN__DUPLICATE_METHOD_MATCH = YES;
				"CODE_SIGN_IDENTITY[sdk=iphoneos*]" = "iPhone Developer";
				COPY_PHASE_STRIP = NO;
				DEBUG_INFORMATION_FORMAT = "dwarf-with-dsym";
				ENABLE_NS_ASSERTIONS = NO;
				ENABLE_STRICT_OBJC_MSGSEND = YES;
				GCC_C_LANGUAGE_STANDARD = gnu99;
				GCC_NO_COMMON_BLOCKS = YES;
				GCC_WARN_64_TO_32_BIT_CONVERSION = YES;
				GCC_WARN_ABOUT_RETURN_TYPE = YES_ERROR;
				GCC_WARN_UNDECLARED_SELECTOR = YES;
				GCC_WARN_UNINITIALIZED_AUTOS = YES_AGGRESSIVE;
				GCC_WARN_UNUSED_FUNCTION = YES;
				GCC_WARN_UNUSED_VARIABLE = YES;
				IPHONEOS_DEPLOYMENT_TARGET = 9.3;
				MTL_ENABLE_DEBUG_INFO = NO;
				SDKROOT = iphoneos;
				TARGETED_DEVICE_FAMILY = "1,2";
				VALIDATE_PRODUCT = YES;
			};
			name = Release;
		};
		E51CC8DC1D7AF80C0084AF2A /* Debug */ = {
			isa = XCBuildConfiguration;
			buildSettings = {
				ASSETCATALOG_COMPILER_APPICON_NAME = AppIcon;
				CODE_SIGN_ENTITLEMENTS = BoutTime/BoutTime.entitlements;
				CODE_SIGN_IDENTITY = "iPhone Developer";
				INFOPLIST_FILE = BoutTime/Info.plist;
				LD_RUNPATH_SEARCH_PATHS = "$(inherited) @executable_path/Frameworks";
				PRODUCT_BUNDLE_IDENTIFIER = com.RmkCode.BoutTime;
				PRODUCT_NAME = "$(TARGET_NAME)";
				TARGETED_DEVICE_FAMILY = 1;
			};
			name = Debug;
		};
		E51CC8DD1D7AF80C0084AF2A /* Release */ = {
			isa = XCBuildConfiguration;
			buildSettings = {
				ASSETCATALOG_COMPILER_APPICON_NAME = AppIcon;
				CODE_SIGN_ENTITLEMENTS = BoutTime/BoutTime.entitlements;
				CODE_SIGN_IDENTITY = "iPhone Developer";
				INFOPLIST_FILE = BoutTime/Info.plist;
				LD_RUNPATH_SEARCH_PATHS = "$(inherited) @executable_path/Frameworks";
				PRODUCT_BUNDLE_IDENTIFIER = com.RmkCode.BoutTime;
				PRODUCT_NAME = "$(TARGET_NAME)";
				TARGETED_DEVICE_FAMILY = 1;
			};
			name = Release;
		};
/* End XCBuildConfiguration section */

/* Begin XCConfigurationList section */
		E51CC8C41D7AF80C0084AF2A /* Build configuration list for PBXProject "BoutTime" */ = {
			isa = XCConfigurationList;
			buildConfigurations = (
				E51CC8D91D7AF80C0084AF2A /* Debug */,
				E51CC8DA1D7AF80C0084AF2A /* Release */,
			);
			defaultConfigurationIsVisible = 0;
			defaultConfigurationName = Release;
		};
		E51CC8DB1D7AF80C0084AF2A /* Build configuration list for PBXNativeTarget "BoutTime" */ = {
			isa = XCConfigurationList;
			buildConfigurations = (
				E51CC8DC1D7AF80C0084AF2A /* Debug */,
				E51CC8DD1D7AF80C0084AF2A /* Release */,
			);
			defaultConfigurationIsVisible = 0;
			defaultConfigurationName = Release;
		};
/* End XCConfigurationList section */
	};
	rootObject = E51CC8C11D7AF80C0084AF2A /* Project object */;
}
